// !$*UTF8*$!
{
	archiveVersion = 1;
	classes = {
	};
	objectVersion = 50;
	objects = {

/* Begin PBXBuildFile section */
		333F7528226A68CB0036240D /* AppDelegate.swift in Sources */ = {isa = PBXBuildFile; fileRef = 333F7527226A68CB0036240D /* AppDelegate.swift */; };
		333F752D226A68CB0036240D /* Main.storyboard in Resources */ = {isa = PBXBuildFile; fileRef = 333F752B226A68CB0036240D /* Main.storyboard */; };
		333F752F226A68CD0036240D /* Assets.xcassets in Resources */ = {isa = PBXBuildFile; fileRef = 333F752E226A68CD0036240D /* Assets.xcassets */; };
		333F7532226A68CD0036240D /* LaunchScreen.storyboard in Resources */ = {isa = PBXBuildFile; fileRef = 333F7530226A68CD0036240D /* LaunchScreen.storyboard */; };
		333F753D226A68CE0036240D /* Color_PickerTests.swift in Sources */ = {isa = PBXBuildFile; fileRef = 333F753C226A68CE0036240D /* Color_PickerTests.swift */; };
		333F7548226A68CE0036240D /* Color_PickerUITests.swift in Sources */ = {isa = PBXBuildFile; fileRef = 333F7547226A68CE0036240D /* Color_PickerUITests.swift */; };
		333F7556226A69070036240D /* ColorViewController.swift in Sources */ = {isa = PBXBuildFile; fileRef = 333F7555226A69070036240D /* ColorViewController.swift */; };
		333F7558226A6B040036240D /* Color.swift in Sources */ = {isa = PBXBuildFile; fileRef = 333F7557226A6B040036240D /* Color.swift */; };
/* End PBXBuildFile section */

/* Begin PBXContainerItemProxy section */
		333F7539226A68CE0036240D /* PBXContainerItemProxy */ = {
			isa = PBXContainerItemProxy;
			containerPortal = 333F751C226A68CB0036240D /* Project object */;
			proxyType = 1;
			remoteGlobalIDString = 333F7523226A68CB0036240D;
			remoteInfo = "Color-Picker";
		};
		333F7544226A68CE0036240D /* PBXContainerItemProxy */ = {
			isa = PBXContainerItemProxy;
			containerPortal = 333F751C226A68CB0036240D /* Project object */;
			proxyType = 1;
			remoteGlobalIDString = 333F7523226A68CB0036240D;
			remoteInfo = "Color-Picker";
		};
/* End PBXContainerItemProxy section */

/* Begin PBXFileReference section */
		333F7524226A68CB0036240D /* Color-Picker.app */ = {isa = PBXFileReference; explicitFileType = wrapper.application; includeInIndex = 0; path = "Color-Picker.app"; sourceTree = BUILT_PRODUCTS_DIR; };
		333F7527226A68CB0036240D /* AppDelegate.swift */ = {isa = PBXFileReference; lastKnownFileType = sourcecode.swift; path = AppDelegate.swift; sourceTree = "<group>"; };
		333F752C226A68CB0036240D /* Base */ = {isa = PBXFileReference; lastKnownFileType = file.storyboard; name = Base; path = Base.lproj/Main.storyboard; sourceTree = "<group>"; };
		333F752E226A68CD0036240D /* Assets.xcassets */ = {isa = PBXFileReference; lastKnownFileType = folder.assetcatalog; path = Assets.xcassets; sourceTree = "<group>"; };
		333F7531226A68CD0036240D /* Base */ = {isa = PBXFileReference; lastKnownFileType = file.storyboard; name = Base; path = Base.lproj/LaunchScreen.storyboard; sourceTree = "<group>"; };
		333F7533226A68CD0036240D /* Info.plist */ = {isa = PBXFileReference; lastKnownFileType = text.plist.xml; path = Info.plist; sourceTree = "<group>"; };
		333F7538226A68CE0036240D /* Color-PickerTests.xctest */ = {isa = PBXFileReference; explicitFileType = wrapper.cfbundle; includeInIndex = 0; path = "Color-PickerTests.xctest"; sourceTree = BUILT_PRODUCTS_DIR; };
		333F753C226A68CE0036240D /* Color_PickerTests.swift */ = {isa = PBXFileReference; lastKnownFileType = sourcecode.swift; path = Color_PickerTests.swift; sourceTree = "<group>"; };
		333F753E226A68CE0036240D /* Info.plist */ = {isa = PBXFileReference; lastKnownFileType = text.plist.xml; path = Info.plist; sourceTree = "<group>"; };
		333F7543226A68CE0036240D /* Color-PickerUITests.xctest */ = {isa = PBXFileReference; explicitFileType = wrapper.cfbundle; includeInIndex = 0; path = "Color-PickerUITests.xctest"; sourceTree = BUILT_PRODUCTS_DIR; };
		333F7547226A68CE0036240D /* Color_PickerUITests.swift */ = {isa = PBXFileReference; lastKnownFileType = sourcecode.swift; path = Color_PickerUITests.swift; sourceTree = "<group>"; };
		333F7549226A68CE0036240D /* Info.plist */ = {isa = PBXFileReference; lastKnownFileType = text.plist.xml; path = Info.plist; sourceTree = "<group>"; };
		333F7555226A69070036240D /* ColorViewController.swift */ = {isa = PBXFileReference; lastKnownFileType = sourcecode.swift; path = ColorViewController.swift; sourceTree = "<group>"; };
		333F7557226A6B040036240D /* Color.swift */ = {isa = PBXFileReference; lastKnownFileType = sourcecode.swift; path = Color.swift; sourceTree = "<group>"; };
/* End PBXFileReference section */

/* Begin PBXFrameworksBuildPhase section */
		333F7521226A68CB0036240D /* Frameworks */ = {
			isa = PBXFrameworksBuildPhase;
			buildActionMask = 2147483647;
			files = (
			);
			runOnlyForDeploymentPostprocessing = 0;
		};
		333F7535226A68CE0036240D /* Frameworks */ = {
			isa = PBXFrameworksBuildPhase;
			buildActionMask = 2147483647;
			files = (
			);
			runOnlyForDeploymentPostprocessing = 0;
		};
		333F7540226A68CE0036240D /* Frameworks */ = {
			isa = PBXFrameworksBuildPhase;
			buildActionMask = 2147483647;
			files = (
			);
			runOnlyForDeploymentPostprocessing = 0;
		};
/* End PBXFrameworksBuildPhase section */

/* Begin PBXGroup section */
		333F751B226A68CB0036240D = {
			isa = PBXGroup;
			children = (
				333F7526226A68CB0036240D /* Color-Picker */,
				333F753B226A68CE0036240D /* Color-PickerTests */,
				333F7546226A68CE0036240D /* Color-PickerUITests */,
				333F7525226A68CB0036240D /* Products */,
			);
			sourceTree = "<group>";
		};
		333F7525226A68CB0036240D /* Products */ = {
			isa = PBXGroup;
			children = (
				333F7524226A68CB0036240D /* Color-Picker.app */,
				333F7538226A68CE0036240D /* Color-PickerTests.xctest */,
				333F7543226A68CE0036240D /* Color-PickerUITests.xctest */,
			);
			name = Products;
			sourceTree = "<group>";
		};
		333F7526226A68CB0036240D /* Color-Picker */ = {
			isa = PBXGroup;
			children = (
				333F7527226A68CB0036240D /* AppDelegate.swift */,
				333F7555226A69070036240D /* ColorViewController.swift */,
				333F7557226A6B040036240D /* Color.swift */,
				333F752B226A68CB0036240D /* Main.storyboard */,
				333F752E226A68CD0036240D /* Assets.xcassets */,
				333F7530226A68CD0036240D /* LaunchScreen.storyboard */,
				333F7533226A68CD0036240D /* Info.plist */,
			);
			path = "Color-Picker";
			sourceTree = "<group>";
		};
		333F753B226A68CE0036240D /* Color-PickerTests */ = {
			isa = PBXGroup;
			children = (
				333F753C226A68CE0036240D /* Color_PickerTests.swift */,
				333F753E226A68CE0036240D /* Info.plist */,
			);
			path = "Color-PickerTests";
			sourceTree = "<group>";
		};
		333F7546226A68CE0036240D /* Color-PickerUITests */ = {
			isa = PBXGroup;
			children = (
				333F7547226A68CE0036240D /* Color_PickerUITests.swift */,
				333F7549226A68CE0036240D /* Info.plist */,
			);
			path = "Color-PickerUITests";
			sourceTree = "<group>";
		};
/* End PBXGroup section */

/* Begin PBXNativeTarget section */
		333F7523226A68CB0036240D /* Color-Picker */ = {
			isa = PBXNativeTarget;
			buildConfigurationList = 333F754C226A68CE0036240D /* Build configuration list for PBXNativeTarget "Color-Picker" */;
			buildPhases = (
				333F7520226A68CB0036240D /* Sources */,
				333F7521226A68CB0036240D /* Frameworks */,
				333F7522226A68CB0036240D /* Resources */,
			);
			buildRules = (
			);
			dependencies = (
			);
			name = "Color-Picker";
			productName = "Color-Picker";
			productReference = 333F7524226A68CB0036240D /* Color-Picker.app */;
			productType = "com.apple.product-type.application";
		};
		333F7537226A68CE0036240D /* Color-PickerTests */ = {
			isa = PBXNativeTarget;
			buildConfigurationList = 333F754F226A68CE0036240D /* Build configuration list for PBXNativeTarget "Color-PickerTests" */;
			buildPhases = (
				333F7534226A68CE0036240D /* Sources */,
				333F7535226A68CE0036240D /* Frameworks */,
				333F7536226A68CE0036240D /* Resources */,
			);
			buildRules = (
			);
			dependencies = (
				333F753A226A68CE0036240D /* PBXTargetDependency */,
			);
			name = "Color-PickerTests";
			productName = "Color-PickerTests";
			productReference = 333F7538226A68CE0036240D /* Color-PickerTests.xctest */;
			productType = "com.apple.product-type.bundle.unit-test";
		};
		333F7542226A68CE0036240D /* Color-PickerUITests */ = {
			isa = PBXNativeTarget;
			buildConfigurationList = 333F7552226A68CE0036240D /* Build configuration list for PBXNativeTarget "Color-PickerUITests" */;
			buildPhases = (
				333F753F226A68CE0036240D /* Sources */,
				333F7540226A68CE0036240D /* Frameworks */,
				333F7541226A68CE0036240D /* Resources */,
			);
			buildRules = (
			);
			dependencies = (
				333F7545226A68CE0036240D /* PBXTargetDependency */,
			);
			name = "Color-PickerUITests";
			productName = "Color-PickerUITests";
			productReference = 333F7543226A68CE0036240D /* Color-PickerUITests.xctest */;
			productType = "com.apple.product-type.bundle.ui-testing";
		};
/* End PBXNativeTarget section */

/* Begin PBXProject section */
		333F751C226A68CB0036240D /* Project object */ = {
			isa = PBXProject;
			attributes = {
				LastSwiftUpdateCheck = 1020;
				LastUpgradeCheck = 1020;
				ORGANIZATIONNAME = Park;
				TargetAttributes = {
					333F7523226A68CB0036240D = {
						CreatedOnToolsVersion = 10.2.1;
					};
					333F7537226A68CE0036240D = {
						CreatedOnToolsVersion = 10.2.1;
						TestTargetID = 333F7523226A68CB0036240D;
					};
					333F7542226A68CE0036240D = {
						CreatedOnToolsVersion = 10.2.1;
						TestTargetID = 333F7523226A68CB0036240D;
					};
				};
			};
			buildConfigurationList = 333F751F226A68CB0036240D /* Build configuration list for PBXProject "Color-Picker" */;
			compatibilityVersion = "Xcode 9.3";
			developmentRegion = en;
			hasScannedForEncodings = 0;
			knownRegions = (
				en,
				Base,
			);
			mainGroup = 333F751B226A68CB0036240D;
			productRefGroup = 333F7525226A68CB0036240D /* Products */;
			projectDirPath = "";
			projectRoot = "";
			targets = (
				333F7523226A68CB0036240D /* Color-Picker */,
				333F7537226A68CE0036240D /* Color-PickerTests */,
				333F7542226A68CE0036240D /* Color-PickerUITests */,
			);
		};
/* End PBXProject section */

/* Begin PBXResourcesBuildPhase section */
		333F7522226A68CB0036240D /* Resources */ = {
			isa = PBXResourcesBuildPhase;
			buildActionMask = 2147483647;
			files = (
				333F7532226A68CD0036240D /* LaunchScreen.storyboard in Resources */,
				333F752F226A68CD0036240D /* Assets.xcassets in Resources */,
				333F752D226A68CB0036240D /* Main.storyboard in Resources */,
			);
			runOnlyForDeploymentPostprocessing = 0;
		};
		333F7536226A68CE0036240D /* Resources */ = {
			isa = PBXResourcesBuildPhase;
			buildActionMask = 2147483647;
			files = (
			);
			runOnlyForDeploymentPostprocessing = 0;
		};
		333F7541226A68CE0036240D /* Resources */ = {
			isa = PBXResourcesBuildPhase;
			buildActionMask = 2147483647;
			files = (
			);
			runOnlyForDeploymentPostprocessing = 0;
		};
/* End PBXResourcesBuildPhase section */

/* Begin PBXSourcesBuildPhase section */
		333F7520226A68CB0036240D /* Sources */ = {
			isa = PBXSourcesBuildPhase;
			buildActionMask = 2147483647;
			files = (
				333F7556226A69070036240D /* ColorViewController.swift in Sources */,
				333F7528226A68CB0036240D /* AppDelegate.swift in Sources */,
				333F7558226A6B040036240D /* Color.swift in Sources */,
			);
			runOnlyForDeploymentPostprocessing = 0;
		};
		333F7534226A68CE0036240D /* Sources */ = {
			isa = PBXSourcesBuildPhase;
			buildActionMask = 2147483647;
			files = (
				333F753D226A68CE0036240D /* Color_PickerTests.swift in Sources */,
			);
			runOnlyForDeploymentPostprocessing = 0;
		};
		333F753F226A68CE0036240D /* Sources */ = {
			isa = PBXSourcesBuildPhase;
			buildActionMask = 2147483647;
			files = (
				333F7548226A68CE0036240D /* Color_PickerUITests.swift in Sources */,
			);
			runOnlyForDeploymentPostprocessing = 0;
		};
/* End PBXSourcesBuildPhase section */

/* Begin PBXTargetDependency section */
		333F753A226A68CE0036240D /* PBXTargetDependency */ = {
			isa = PBXTargetDependency;
			target = 333F7523226A68CB0036240D /* Color-Picker */;
			targetProxy = 333F7539226A68CE0036240D /* PBXContainerItemProxy */;
		};
		333F7545226A68CE0036240D /* PBXTargetDependency */ = {
			isa = PBXTargetDependency;
			target = 333F7523226A68CB0036240D /* Color-Picker */;
			targetProxy = 333F7544226A68CE0036240D /* PBXContainerItemProxy */;
		};
/* End PBXTargetDependency section */

/* Begin PBXVariantGroup section */
		333F752B226A68CB0036240D /* Main.storyboard */ = {
			isa = PBXVariantGroup;
			children = (
				333F752C226A68CB0036240D /* Base */,
			);
			name = Main.storyboard;
			sourceTree = "<group>";
		};
		333F7530226A68CD0036240D /* LaunchScreen.storyboard */ = {
			isa = PBXVariantGroup;
			children = (
				333F7531226A68CD0036240D /* Base */,
			);
			name = LaunchScreen.storyboard;
			sourceTree = "<group>";
		};
/* End PBXVariantGroup section */

/* Begin XCBuildConfiguration section */
		333F754A226A68CE0036240D /* Debug */ = {
			isa = XCBuildConfiguration;
			buildSettings = {
				ALWAYS_SEARCH_USER_PATHS = NO;
				CLANG_ANALYZER_NONNULL = YES;
				CLANG_ANALYZER_NUMBER_OBJECT_CONVERSION = YES_AGGRESSIVE;
				CLANG_CXX_LANGUAGE_STANDARD = "gnu++14";
				CLANG_CXX_LIBRARY = "libc++";
				CLANG_ENABLE_MODULES = YES;
				CLANG_ENABLE_OBJC_ARC = YES;
				CLANG_ENABLE_OBJC_WEAK = YES;
				CLANG_WARN_BLOCK_CAPTURE_AUTORELEASING = YES;
				CLANG_WARN_BOOL_CONVERSION = YES;
				CLANG_WARN_COMMA = YES;
				CLANG_WARN_CONSTANT_CONVERSION = YES;
				CLANG_WARN_DEPRECATED_OBJC_IMPLEMENTATIONS = YES;
				CLANG_WARN_DIRECT_OBJC_ISA_USAGE = YES_ERROR;
				CLANG_WARN_DOCUMENTATION_COMMENTS = YES;
				CLANG_WARN_EMPTY_BODY = YES;
				CLANG_WARN_ENUM_CONVERSION = YES;
				CLANG_WARN_INFINITE_RECURSION = YES;
				CLANG_WARN_INT_CONVERSION = YES;
				CLANG_WARN_NON_LITERAL_NULL_CONVERSION = YES;
				CLANG_WARN_OBJC_IMPLICIT_RETAIN_SELF = YES;
				CLANG_WARN_OBJC_LITERAL_CONVERSION = YES;
				CLANG_WARN_OBJC_ROOT_CLASS = YES_ERROR;
				CLANG_WARN_RANGE_LOOP_ANALYSIS = YES;
				CLANG_WARN_STRICT_PROTOTYPES = YES;
				CLANG_WARN_SUSPICIOUS_MOVE = YES;
				CLANG_WARN_UNGUARDED_AVAILABILITY = YES_AGGRESSIVE;
				CLANG_WARN_UNREACHABLE_CODE = YES;
				CLANG_WARN__DUPLICATE_METHOD_MATCH = YES;
				CODE_SIGN_IDENTITY = "iPhone Developer";
				COPY_PHASE_STRIP = NO;
				DEBUG_INFORMATION_FORMAT = dwarf;
				ENABLE_STRICT_OBJC_MSGSEND = YES;
				ENABLE_TESTABILITY = YES;
				GCC_C_LANGUAGE_STANDARD = gnu11;
				GCC_DYNAMIC_NO_PIC = NO;
				GCC_NO_COMMON_BLOCKS = YES;
				GCC_OPTIMIZATION_LEVEL = 0;
				GCC_PREPROCESSOR_DEFINITIONS = (
					"DEBUG=1",
					"$(inherited)",
				);
				GCC_WARN_64_TO_32_BIT_CONVERSION = YES;
				GCC_WARN_ABOUT_RETURN_TYPE = YES_ERROR;
				GCC_WARN_UNDECLARED_SELECTOR = YES;
				GCC_WARN_UNINITIALIZED_AUTOS = YES_AGGRESSIVE;
				GCC_WARN_UNUSED_FUNCTION = YES;
				GCC_WARN_UNUSED_VARIABLE = YES;
				IPHONEOS_DEPLOYMENT_TARGET = 12.2;
				MTL_ENABLE_DEBUG_INFO = INCLUDE_SOURCE;
				MTL_FAST_MATH = YES;
				ONLY_ACTIVE_ARCH = YES;
				SDKROOT = iphoneos;
				SWIFT_ACTIVE_COMPILATION_CONDITIONS = DEBUG;
				SWIFT_OPTIMIZATION_LEVEL = "-Onone";
			};
			name = Debug;
		};
		333F754B226A68CE0036240D /* Release */ = {
			isa = XCBuildConfiguration;
			buildSettings = {
				ALWAYS_SEARCH_USER_PATHS = NO;
				CLANG_ANALYZER_NONNULL = YES;
				CLANG_ANALYZER_NUMBER_OBJECT_CONVERSION = YES_AGGRESSIVE;
				CLANG_CXX_LANGUAGE_STANDARD = "gnu++14";
				CLANG_CXX_LIBRARY = "libc++";
				CLANG_ENABLE_MODULES = YES;
				CLANG_ENABLE_OBJC_ARC = YES;
				CLANG_ENABLE_OBJC_WEAK = YES;
				CLANG_WARN_BLOCK_CAPTURE_AUTORELEASING = YES;
				CLANG_WARN_BOOL_CONVERSION = YES;
				CLANG_WARN_COMMA = YES;
				CLANG_WARN_CONSTANT_CONVERSION = YES;
				CLANG_WARN_DEPRECATED_OBJC_IMPLEMENTATIONS = YES;
				CLANG_WARN_DIRECT_OBJC_ISA_USAGE = YES_ERROR;
				CLANG_WARN_DOCUMENTATION_COMMENTS = YES;
				CLANG_WARN_EMPTY_BODY = YES;
				CLANG_WARN_ENUM_CONVERSION = YES;
				CLANG_WARN_INFINITE_RECURSION = YES;
				CLANG_WARN_INT_CONVERSION = YES;
				CLANG_WARN_NON_LITERAL_NULL_CONVERSION = YES;
				CLANG_WARN_OBJC_IMPLICIT_RETAIN_SELF = YES;
				CLANG_WARN_OBJC_LITERAL_CONVERSION = YES;
				CLANG_WARN_OBJC_ROOT_CLASS = YES_ERROR;
				CLANG_WARN_RANGE_LOOP_ANALYSIS = YES;
				CLANG_WARN_STRICT_PROTOTYPES = YES;
				CLANG_WARN_SUSPICIOUS_MOVE = YES;
				CLANG_WARN_UNGUARDED_AVAILABILITY = YES_AGGRESSIVE;
				CLANG_WARN_UNREACHABLE_CODE = YES;
				CLANG_WARN__DUPLICATE_METHOD_MATCH = YES;
				CODE_SIGN_IDENTITY = "iPhone Developer";
				COPY_PHASE_STRIP = NO;
				DEBUG_INFORMATION_FORMAT = "dwarf-with-dsym";
				ENABLE_NS_ASSERTIONS = NO;
				ENABLE_STRICT_OBJC_MSGSEND = YES;
				GCC_C_LANGUAGE_STANDARD = gnu11;
				GCC_NO_COMMON_BLOCKS = YES;
				GCC_WARN_64_TO_32_BIT_CONVERSION = YES;
				GCC_WARN_ABOUT_RETURN_TYPE = YES_ERROR;
				GCC_WARN_UNDECLARED_SELECTOR = YES;
				GCC_WARN_UNINITIALIZED_AUTOS = YES_AGGRESSIVE;
				GCC_WARN_UNUSED_FUNCTION = YES;
				GCC_WARN_UNUSED_VARIABLE = YES;
				IPHONEOS_DEPLOYMENT_TARGET = 12.2;
				MTL_ENABLE_DEBUG_INFO = NO;
				MTL_FAST_MATH = YES;
				SDKROOT = iphoneos;
				SWIFT_COMPILATION_MODE = wholemodule;
				SWIFT_OPTIMIZATION_LEVEL = "-O";
				VALIDATE_PRODUCT = YES;
			};
			name = Release;
		};
		333F754D226A68CE0036240D /* Debug */ = {
			isa = XCBuildConfiguration;
			buildSettings = {
				ASSETCATALOG_COMPILER_APPICON_NAME = AppIcon;
				CODE_SIGN_STYLE = Automatic;
				DEVELOPMENT_TEAM = G8HRF6QEC9;
				INFOPLIST_FILE = "Color-Picker/Info.plist";
				LD_RUNPATH_SEARCH_PATHS = (
					"$(inherited)",
					"@executable_path/Frameworks",
				);
				PRODUCT_BUNDLE_IDENTIFIER = "online.park.Color-Picker";
				PRODUCT_NAME = "$(TARGET_NAME)";
				SWIFT_VERSION = 5.0;
				TARGETED_DEVICE_FAMILY = "1,2";
			};
			name = Debug;
		};
		333F754E226A68CE0036240D /* Release */ = {
			isa = XCBuildConfiguration;
			buildSettings = {
				ASSETCATALOG_COMPILER_APPICON_NAME = AppIcon;
				CODE_SIGN_STYLE = Automatic;
				DEVELOPMENT_TEAM = G8HRF6QEC9;
				INFOPLIST_FILE = "Color-Picker/Info.plist";
				LD_RUNPATH_SEARCH_PATHS = (
					"$(inherited)",
					"@executable_path/Frameworks",
				);
				PRODUCT_BUNDLE_IDENTIFIER = "online.park.Color-Picker";
				PRODUCT_NAME = "$(TARGET_NAME)";
				SWIFT_VERSION = 5.0;
				TARGETED_DEVICE_FAMILY = "1,2";
			};
			name = Release;
		};
		333F7550226A68CE0036240D /* Debug */ = {
			isa = XCBuildConfiguration;
			buildSettings = {
				ALWAYS_EMBED_SWIFT_STANDARD_LIBRARIES = YES;
				BUNDLE_LOADER = "$(TEST_HOST)";
				CODE_SIGN_STYLE = Automatic;
				DEVELOPMENT_TEAM = G8HRF6QEC9;
				INFOPLIST_FILE = "Color-PickerTests/Info.plist";
				LD_RUNPATH_SEARCH_PATHS = (
					"$(inherited)",
					"@executable_path/Frameworks",
					"@loader_path/Frameworks",
				);
				PRODUCT_BUNDLE_IDENTIFIER = "online.park.Color-PickerTests";
				PRODUCT_NAME = "$(TARGET_NAME)";
				SWIFT_VERSION = 5.0;
				TARGETED_DEVICE_FAMILY = "1,2";
				TEST_HOST = "$(BUILT_PRODUCTS_DIR)/Color-Picker.app/Color-Picker";
			};
			name = Debug;
		};
		333F7551226A68CE0036240D /* Release */ = {
			isa = XCBuildConfiguration;
			buildSettings = {
				ALWAYS_EMBED_SWIFT_STANDARD_LIBRARIES = YES;
				BUNDLE_LOADER = "$(TEST_HOST)";
				CODE_SIGN_STYLE = Automatic;
				DEVELOPMENT_TEAM = G8HRF6QEC9;
				INFOPLIST_FILE = "Color-PickerTests/Info.plist";
				LD_RUNPATH_SEARCH_PATHS = (
					"$(inherited)",
					"@executable_path/Frameworks",
					"@loader_path/Frameworks",
				);
				PRODUCT_BUNDLE_IDENTIFIER = "online.park.Color-PickerTests";
				PRODUCT_NAME = "$(TARGET_NAME)";
				SWIFT_VERSION = 5.0;
				TARGETED_DEVICE_FAMILY = "1,2";
				TEST_HOST = "$(BUILT_PRODUCTS_DIR)/Color-Picker.app/Color-Picker";
			};
			name = Release;
		};
		333F7553226A68CE0036240D /* Debug */ = {
			isa = XCBuildConfiguration;
			buildSettings = {
				ALWAYS_EMBED_SWIFT_STANDARD_LIBRARIES = YES;
				CODE_SIGN_STYLE = Automatic;
				DEVELOPMENT_TEAM = G8HRF6QEC9;
				INFOPLIST_FILE = "Color-PickerUITests/Info.plist";
				LD_RUNPATH_SEARCH_PATHS = (
					"$(inherited)",
					"@executable_path/Frameworks",
					"@loader_path/Frameworks",
				);
				PRODUCT_BUNDLE_IDENTIFIER = "online.park.Color-PickerUITests";
				PRODUCT_NAME = "$(TARGET_NAME)";
				SWIFT_VERSION = 5.0;
				TARGETED_DEVICE_FAMILY = "1,2";
				TEST_TARGET_NAME = "Color-Picker";
			};
			name = Debug;
		};
		333F7554226A68CE0036240D /* Release */ = {
			isa = XCBuildConfiguration;
			buildSettings = {
				ALWAYS_EMBED_SWIFT_STANDARD_LIBRARIES = YES;
				CODE_SIGN_STYLE = Automatic;
				DEVELOPMENT_TEAM = G8HRF6QEC9;
				INFOPLIST_FILE = "Color-PickerUITests/Info.plist";
				LD_RUNPATH_SEARCH_PATHS = (
					"$(inherited)",
					"@executable_path/Frameworks",
					"@loader_path/Frameworks",
				);
				PRODUCT_BUNDLE_IDENTIFIER = "online.park.Color-PickerUITests";
				PRODUCT_NAME = "$(TARGET_NAME)";
				SWIFT_VERSION = 5.0;
				TARGETED_DEVICE_FAMILY = "1,2";
				TEST_TARGET_NAME = "Color-Picker";
			};
			name = Release;
		};
/* End XCBuildConfiguration section */

/* Begin XCConfigurationList section */
		333F751F226A68CB0036240D /* Build configuration list for PBXProject "Color-Picker" */ = {
			isa = XCConfigurationList;
			buildConfigurations = (
				333F754A226A68CE0036240D /* Debug */,
				333F754B226A68CE0036240D /* Release */,
			);
			defaultConfigurationIsVisible = 0;
			defaultConfigurationName = Release;
		};
		333F754C226A68CE0036240D /* Build configuration list for PBXNativeTarget "Color-Picker" */ = {
			isa = XCConfigurationList;
			buildConfigurations = (
				333F754D226A68CE0036240D /* Debug */,
				333F754E226A68CE0036240D /* Release */,
			);
			defaultConfigurationIsVisible = 0;
			defaultConfigurationName = Release;
		};
		333F754F226A68CE0036240D /* Build configuration list for PBXNativeTarget "Color-PickerTests" */ = {
			isa = XCConfigurationList;
			buildConfigurations = (
				333F7550226A68CE0036240D /* Debug */,
				333F7551226A68CE0036240D /* Release */,
			);
			defaultConfigurationIsVisible = 0;
			defaultConfigurationName = Release;
		};
		333F7552226A68CE0036240D /* Build configuration list for PBXNativeTarget "Color-PickerUITests" */ = {
			isa = XCConfigurationList;
			buildConfigurations = (
				333F7553226A68CE0036240D /* Debug */,
				333F7554226A68CE0036240D /* Release */,
			);
			defaultConfigurationIsVisible = 0;
			defaultConfigurationName = Release;
		};
/* End XCConfigurationList section */
	};
	rootObject = 333F751C226A68CB0036240D /* Project object */;
}
